
Microsoft Visual Studio Solution File, Format Version 12.00
# Visual Studio Version 17
VisualStudioVersion = 17.4.33110.190
MinimumVisualStudioVersion = 10.0.40219.1
Project("{FAE04EC0-301F-11D3-BF4B-00C04F79EFBC}") = "WpfApp_Converter", "WpfApp_Converter\WpfApp_Converter.csproj", "{4A4CC703-F7AE-4904-BADC-D1ADD8393702}"
EndProject
Global
	GlobalSection(SolutionConfigurationPlatforms) = preSolution
		Debug|Any CPU = Debug|Any CPU
		Release|Any CPU = Release|Any CPU
	EndGlobalSection
	GlobalSection(ProjectConfigurationPlatforms) = postSolution
		{4A4CC703-F7AE-4904-BADC-D1ADD8393702}.Debug|Any CPU.ActiveCfg = Debug|Any CPU
		{4A4CC703-F7AE-4904-BADC-D1ADD8393702}.Debug|Any CPU.Build.0 = Debug|Any CPU
		{4A4CC703-F7AE-4904-BADC-D1ADD8393702}.Release|Any CPU.ActiveCfg = Release|Any CPU
		{4A4CC703-F7AE-4904-BADC-D1ADD8393702}.Release|Any CPU.Build.0 = Release|Any CPU
	EndGlobalSection
	GlobalSection(SolutionProperties) = preSolution
		HideSolutionNode = FALSE
	EndGlobalSection
	GlobalSection(ExtensibilityGlobals) = postSolution
		SolutionGuid = {5C723D30-1962-4DFE-9C3C-7BD286468DBB}
	EndGlobalSection
EndGlobal
